dependencies:
- name: postgresql
  repository: file://../postgresql
  version: 0.1.0
- name: frontend
  repository: file://../frontend
  version: 0.1.2
- name: webapi
  repository: file://../webapi
  version: 0.1.5
- name: edt-service
  repository: file://../edt-service
  version: 0.1.0
- name: plr-intake
  repository: file://../plr-intake
  version: 0.1.2
- name: nginx
  repository: file://../nginx
  version: 9.7.3
digest: sha256:37eddbdac2af29d1c12bdd751f304ccf43e58f79e89c56bd73965f3a85d7d7e8
generated: "2022-10-30T13:04:39.0547099-07:00"
